github.com/KarpelesLab/edwards25519 v1.1.7 h1:03Yr0HxxIvzuupdqLKRjC9P6Em3rl+CpgDZEA/xqkVs=
github.com/KarpelesLab/edwards25519 v1.1.7/go.mod h1:NikirayExusFY4vgi5ENCCMxOjkcF8uD6yA/y+a2iJ8=
github.com/KarpelesLab/lnp22 v0.1.0 h1:n9DYGsgqgGUC3awVVV9tIsdOvQnokDBjj2NMrNXCzBY=
github.com/KarpelesLab/lnp22 v0.1.0/go.mod h1:i2Aki4aI5u6wXHQC1DxyymVil88PdjCS2H7XHfmDTA8=
golang.org/x/crypto v0.49.0 h1:+Ng2ULVvLHnJ/ZFEq4KdcDd/cfjrrjjNSXNzxg0Y4U4=
golang.org/x/crypto v0.49.0/go.mod h1:ErX4dUh2UM+CFYiXZRTcMpEcN8b/1gxEuv3nODoYtCA=
golang.org/x/sys v0.42.0 h1:omrd2nAlyT5ESRdCLYdm3+fMfNFE/+Rf4bDIQImRJeo=
golang.org/x/sys v0.42.0/go.mod h1:4GL1E5IUh+htKOUEOaiffhrAeqysfVGipDYzABqnCmw=
